
Microsoft Visual Studio Solution File, Format Version 12.00
# Visual Studio Version 16
VisualStudioVersion = 16.0.28606.126
MinimumVisualStudioVersion = 10.0.40219.1
Project("{FAE04EC0-301F-11D3-BF4B-00C04F79EFBC}") = "TP_2v2", "TP_2v2\TP_2v2.csproj", "{98BCEE91-7262-41E5-8181-749D71203420}"
EndProject
Global
	GlobalSection(SolutionConfigurationPlatforms) = preSolution
		Debug|Any CPU = Debug|Any CPU
		Release|Any CPU = Release|Any CPU
	EndGlobalSection
	GlobalSection(ProjectConfigurationPlatforms) = postSolution
		{98BCEE91-7262-41E5-8181-749D71203420}.Debug|Any CPU.ActiveCfg = Debug|Any CPU
		{98BCEE91-7262-41E5-8181-749D71203420}.Debug|Any CPU.Build.0 = Debug|Any CPU
		{98BCEE91-7262-41E5-8181-749D71203420}.Release|Any CPU.ActiveCfg = Release|Any CPU
		{98BCEE91-7262-41E5-8181-749D71203420}.Release|Any CPU.Build.0 = Release|Any CPU
	EndGlobalSection
	GlobalSection(SolutionProperties) = preSolution
		HideSolutionNode = FALSE
	EndGlobalSection
	GlobalSection(ExtensibilityGlobals) = postSolution
		SolutionGuid = {3CC6A33E-2B0A-4A7E-B6CB-5136BB1F3DC5}
	EndGlobalSection
EndGlobal
